{
  "name": "js-practice",
  "lockfileVersion": 2,
  "requires": true,
  "packages": {
    "": {
      "dependencies": {
        "basiclightbox": "^5.0.4",
        "lodash.throttle": "^4.1.1",
        "simplelightbox": "^2.10.4"
      }
    },
    "node_modules/basiclightbox": {
      "version": "5.0.4",
      "resolved": "https://registry.npmjs.org/basiclightbox/-/basiclightbox-5.0.4.tgz",
      "integrity": "sha512-EsuNWmfcFXWZOe0txKXsllYOC7bDpoaVLc4HHHlYKB/roymlZs+FBdLUU6rx2yPpnJZhulwheKdPjqr2k0+NGQ=="
    },
    "node_modules/lodash.throttle": {
      "version": "4.1.1",
      "resolved": "https://registry.npmjs.org/lodash.throttle/-/lodash.throttle-4.1.1.tgz",
      "integrity": "sha512-wIkUCfVKpVsWo3JSZlc+8MB5it+2AN5W8J7YVMST30UrvcQNZ1Okbj+rbVniijTWE6FGYy4XJq/rHkas8qJMLQ=="
    },
    "node_modules/simplelightbox": {
      "version": "2.10.4",
      "resolved": "https://registry.npmjs.org/simplelightbox/-/simplelightbox-2.10.4.tgz",
      "integrity": "sha512-1sPONJV5wpzLhVCmZjkqa146mYy2kzZfvsljJ11acjMXOX2wL/KJ9Q2uanMsJUh09Ljq/pHEcTt9mCFWM7d/AQ=="
    }
  },
  "dependencies": {
    "basiclightbox": {
      "version": "5.0.4",
      "resolved": "https://registry.npmjs.org/basiclightbox/-/basiclightbox-5.0.4.tgz",
      "integrity": "sha512-EsuNWmfcFXWZOe0txKXsllYOC7bDpoaVLc4HHHlYKB/roymlZs+FBdLUU6rx2yPpnJZhulwheKdPjqr2k0+NGQ=="
    },
    "lodash.throttle": {
      "version": "4.1.1",
      "resolved": "https://registry.npmjs.org/lodash.throttle/-/lodash.throttle-4.1.1.tgz",
      "integrity": "sha512-wIkUCfVKpVsWo3JSZlc+8MB5it+2AN5W8J7YVMST30UrvcQNZ1Okbj+rbVniijTWE6FGYy4XJq/rHkas8qJMLQ=="
    },
    "simplelightbox": {
      "version": "2.10.4",
      "resolved": "https://registry.npmjs.org/simplelightbox/-/simplelightbox-2.10.4.tgz",
      "integrity": "sha512-1sPONJV5wpzLhVCmZjkqa146mYy2kzZfvsljJ11acjMXOX2wL/KJ9Q2uanMsJUh09Ljq/pHEcTt9mCFWM7d/AQ=="
    }
  }
}
